
Microsoft Visual Studio Solution File, Format Version 12.00
# Visual Studio Version 16
VisualStudioVersion = 16.0.30104.148
MinimumVisualStudioVersion = 10.0.40219.1
Project("{FAE04EC0-301F-11D3-BF4B-00C04F79EFBC}") = "Transformation", "Transformation\Transformation.csproj", "{14AA796F-7B26-48A8-BE99-4DE7162451B9}"
EndProject
Global
	GlobalSection(SolutionConfigurationPlatforms) = preSolution
		Debug|Any CPU = Debug|Any CPU
		Release|Any CPU = Release|Any CPU
	EndGlobalSection
	GlobalSection(ProjectConfigurationPlatforms) = postSolution
		{14AA796F-7B26-48A8-BE99-4DE7162451B9}.Debug|Any CPU.ActiveCfg = Debug|Any CPU
		{14AA796F-7B26-48A8-BE99-4DE7162451B9}.Debug|Any CPU.Build.0 = Debug|Any CPU
		{14AA796F-7B26-48A8-BE99-4DE7162451B9}.Release|Any CPU.ActiveCfg = Release|Any CPU
		{14AA796F-7B26-48A8-BE99-4DE7162451B9}.Release|Any CPU.Build.0 = Release|Any CPU
	EndGlobalSection
	GlobalSection(SolutionProperties) = preSolution
		HideSolutionNode = FALSE
	EndGlobalSection
	GlobalSection(ExtensibilityGlobals) = postSolution
		SolutionGuid = {EF6FDEAF-870C-46D6-A686-B72A5D6EB7D1}
	EndGlobalSection
EndGlobal
